
Microsoft Visual Studio Solution File, Format Version 12.00
# Visual Studio Version 17
VisualStudioVersion = 17.6.33829.357
MinimumVisualStudioVersion = 10.0.40219.1
Project("{FAE04EC0-301F-11D3-BF4B-00C04F79EFBC}") = "BulkyBookWeb", "BulkyBookWeb\BulkyBookWeb.csproj", "{CF79DD2B-A20D-4BE1-93F0-C5E84A911FDB}"
EndProject
Global
	GlobalSection(SolutionConfigurationPlatforms) = preSolution
		Debug|Any CPU = Debug|Any CPU
		Release|Any CPU = Release|Any CPU
	EndGlobalSection
	GlobalSection(ProjectConfigurationPlatforms) = postSolution
		{CF79DD2B-A20D-4BE1-93F0-C5E84A911FDB}.Debug|Any CPU.ActiveCfg = Debug|Any CPU
		{CF79DD2B-A20D-4BE1-93F0-C5E84A911FDB}.Debug|Any CPU.Build.0 = Debug|Any CPU
		{CF79DD2B-A20D-4BE1-93F0-C5E84A911FDB}.Release|Any CPU.ActiveCfg = Release|Any CPU
		{CF79DD2B-A20D-4BE1-93F0-C5E84A911FDB}.Release|Any CPU.Build.0 = Release|Any CPU
	EndGlobalSection
	GlobalSection(SolutionProperties) = preSolution
		HideSolutionNode = FALSE
	EndGlobalSection
	GlobalSection(ExtensibilityGlobals) = postSolution
		SolutionGuid = {EFC01B23-F7C0-4986-9A0D-25FD9D5415AF}
	EndGlobalSection
EndGlobal
